
Microsoft Visual Studio Solution File, Format Version 12.00
# Visual Studio 15
VisualStudioVersion = 15.0.27130.2036
MinimumVisualStudioVersion = 10.0.40219.1
Project("{FAE04EC0-301F-11D3-BF4B-00C04F79EFBC}") = "FastDelete", "FastDelete\FastDelete.csproj", "{3D56540D-3B0F-4C5E-971E-2AAFEB57D2C3}"
EndProject
Global
	GlobalSection(SolutionConfigurationPlatforms) = preSolution
		Debug|Any CPU = Debug|Any CPU
		Release|Any CPU = Release|Any CPU
	EndGlobalSection
	GlobalSection(ProjectConfigurationPlatforms) = postSolution
		{3D56540D-3B0F-4C5E-971E-2AAFEB57D2C3}.Debug|Any CPU.ActiveCfg = Debug|Any CPU
		{3D56540D-3B0F-4C5E-971E-2AAFEB57D2C3}.Debug|Any CPU.Build.0 = Debug|Any CPU
		{3D56540D-3B0F-4C5E-971E-2AAFEB57D2C3}.Release|Any CPU.ActiveCfg = Release|Any CPU
		{3D56540D-3B0F-4C5E-971E-2AAFEB57D2C3}.Release|Any CPU.Build.0 = Release|Any CPU
	EndGlobalSection
	GlobalSection(SolutionProperties) = preSolution
		HideSolutionNode = FALSE
	EndGlobalSection
	GlobalSection(ExtensibilityGlobals) = postSolution
		SolutionGuid = {1DFEED8C-FFCE-4BE7-ADE9-3FBCA02A4194}
	EndGlobalSection
EndGlobal
